
Microsoft Visual Studio Solution File, Format Version 12.00
# Visual Studio 14
VisualStudioVersion = 14.0.25420.1
MinimumVisualStudioVersion = 10.0.40219.1
Project("{FAE04EC0-301F-11D3-BF4B-00C04F79EFBC}") = "MyApp", "MyApp\MyApp.csproj", "{EB0CA143-1635-40DC-8687-EC017FF3E731}"
EndProject
Project("{2150E333-8FDC-42A3-9474-1A3956D46DE8}") = "01 - Presentation", "01 - Presentation", "{EF28810C-47EB-4A4C-97EB-AF1F2A1244D5}"
EndProject
Project("{2150E333-8FDC-42A3-9474-1A3956D46DE8}") = "02 - Domain", "02 - Domain", "{DE8656A4-89EE-4753-BA1D-09B15BC32D4D}"
EndProject
Project("{2150E333-8FDC-42A3-9474-1A3956D46DE8}") = "03 - Data", "03 - Data", "{4C8A0191-47E9-41F2-AFA3-FB51A1F0DB93}"
EndProject
Project("{2150E333-8FDC-42A3-9474-1A3956D46DE8}") = "04 - Infrastructure", "04 - Infrastructure", "{266475EB-E74D-4F00-B709-9A03E7075884}"
EndProject
Project("{2150E333-8FDC-42A3-9474-1A3956D46DE8}") = "Solution Items", "Solution Items", "{627E39CD-37B8-445A-827C-E45939F871BE}"
	ProjectSection(SolutionItems) = preProject
		README.md = README.md
	EndProjectSection
EndProject
Project("{FAE04EC0-301F-11D3-BF4B-00C04F79EFBC}") = "MyApp.CrossCutting", "MyApp.CrossCutting\MyApp.CrossCutting.csproj", "{E5DEA9D2-2C9F-446B-87CF-F08DF1256D4B}"
EndProject
Project("{FAE04EC0-301F-11D3-BF4B-00C04F79EFBC}") = "MyApp.IoC", "MyApp.IoC\MyApp.IoC.csproj", "{EB907729-8B4F-4DDD-A494-409965BA3A0D}"
EndProject
Project("{FAE04EC0-301F-11D3-BF4B-00C04F79EFBC}") = "MyApp.Data", "MyApp.Data\MyApp.Data.csproj", "{98756835-624D-41D8-BE60-AA50A7CC72A7}"
EndProject
Project("{FAE04EC0-301F-11D3-BF4B-00C04F79EFBC}") = "MyApp.Data.Core", "MyApp.Data.Core\MyApp.Data.Core.csproj", "{2D5A23BB-00AB-4554-8680-89CA8F50F762}"
EndProject
Project("{FAE04EC0-301F-11D3-BF4B-00C04F79EFBC}") = "MyApp.Domain", "MyApp.Domain\MyApp.Domain.csproj", "{EB27517D-7003-4081-8D2A-85F7CB382B41}"
EndProject
Project("{FAE04EC0-301F-11D3-BF4B-00C04F79EFBC}") = "MyApp.Domain.Core", "MyApp.Domain.Core\MyApp.Domain.Core.csproj", "{D4A24397-F884-4F44-A55D-DA7BC975BD16}"
EndProject
Project("{FAE04EC0-301F-11D3-BF4B-00C04F79EFBC}") = "MyApp.Domain.DTO", "MyApp.Domain.DTO\MyApp.Domain.DTO.csproj", "{0A300DDC-E605-44C3-9016-460CB49856E4}"
EndProject
Global
	GlobalSection(SolutionConfigurationPlatforms) = preSolution
		Debug|Any CPU = Debug|Any CPU
		Release|Any CPU = Release|Any CPU
	EndGlobalSection
	GlobalSection(ProjectConfigurationPlatforms) = postSolution
		{EB0CA143-1635-40DC-8687-EC017FF3E731}.Debug|Any CPU.ActiveCfg = Debug|Any CPU
		{EB0CA143-1635-40DC-8687-EC017FF3E731}.Debug|Any CPU.Build.0 = Debug|Any CPU
		{EB0CA143-1635-40DC-8687-EC017FF3E731}.Release|Any CPU.ActiveCfg = Release|Any CPU
		{EB0CA143-1635-40DC-8687-EC017FF3E731}.Release|Any CPU.Build.0 = Release|Any CPU
		{E5DEA9D2-2C9F-446B-87CF-F08DF1256D4B}.Debug|Any CPU.ActiveCfg = Debug|Any CPU
		{E5DEA9D2-2C9F-446B-87CF-F08DF1256D4B}.Debug|Any CPU.Build.0 = Debug|Any CPU
		{E5DEA9D2-2C9F-446B-87CF-F08DF1256D4B}.Release|Any CPU.ActiveCfg = Release|Any CPU
		{E5DEA9D2-2C9F-446B-87CF-F08DF1256D4B}.Release|Any CPU.Build.0 = Release|Any CPU
		{EB907729-8B4F-4DDD-A494-409965BA3A0D}.Debug|Any CPU.ActiveCfg = Debug|Any CPU
		{EB907729-8B4F-4DDD-A494-409965BA3A0D}.Debug|Any CPU.Build.0 = Debug|Any CPU
		{EB907729-8B4F-4DDD-A494-409965BA3A0D}.Release|Any CPU.ActiveCfg = Release|Any CPU
		{EB907729-8B4F-4DDD-A494-409965BA3A0D}.Release|Any CPU.Build.0 = Release|Any CPU
		{98756835-624D-41D8-BE60-AA50A7CC72A7}.Debug|Any CPU.ActiveCfg = Debug|Any CPU
		{98756835-624D-41D8-BE60-AA50A7CC72A7}.Debug|Any CPU.Build.0 = Debug|Any CPU
		{98756835-624D-41D8-BE60-AA50A7CC72A7}.Release|Any CPU.ActiveCfg = Release|Any CPU
		{98756835-624D-41D8-BE60-AA50A7CC72A7}.Release|Any CPU.Build.0 = Release|Any CPU
		{2D5A23BB-00AB-4554-8680-89CA8F50F762}.Debug|Any CPU.ActiveCfg = Debug|Any CPU
		{2D5A23BB-00AB-4554-8680-89CA8F50F762}.Debug|Any CPU.Build.0 = Debug|Any CPU
		{2D5A23BB-00AB-4554-8680-89CA8F50F762}.Release|Any CPU.ActiveCfg = Release|Any CPU
		{2D5A23BB-00AB-4554-8680-89CA8F50F762}.Release|Any CPU.Build.0 = Release|Any CPU
		{EB27517D-7003-4081-8D2A-85F7CB382B41}.Debug|Any CPU.ActiveCfg = Debug|Any CPU
		{EB27517D-7003-4081-8D2A-85F7CB382B41}.Debug|Any CPU.Build.0 = Debug|Any CPU
		{EB27517D-7003-4081-8D2A-85F7CB382B41}.Release|Any CPU.ActiveCfg = Release|Any CPU
		{EB27517D-7003-4081-8D2A-85F7CB382B41}.Release|Any CPU.Build.0 = Release|Any CPU
		{D4A24397-F884-4F44-A55D-DA7BC975BD16}.Debug|Any CPU.ActiveCfg = Debug|Any CPU
		{D4A24397-F884-4F44-A55D-DA7BC975BD16}.Debug|Any CPU.Build.0 = Debug|Any CPU
		{D4A24397-F884-4F44-A55D-DA7BC975BD16}.Release|Any CPU.ActiveCfg = Release|Any CPU
		{D4A24397-F884-4F44-A55D-DA7BC975BD16}.Release|Any CPU.Build.0 = Release|Any CPU
		{0A300DDC-E605-44C3-9016-460CB49856E4}.Debug|Any CPU.ActiveCfg = Debug|Any CPU
		{0A300DDC-E605-44C3-9016-460CB49856E4}.Debug|Any CPU.Build.0 = Debug|Any CPU
		{0A300DDC-E605-44C3-9016-460CB49856E4}.Release|Any CPU.ActiveCfg = Release|Any CPU
		{0A300DDC-E605-44C3-9016-460CB49856E4}.Release|Any CPU.Build.0 = Release|Any CPU
	EndGlobalSection
	GlobalSection(SolutionProperties) = preSolution
		HideSolutionNode = FALSE
	EndGlobalSection
	GlobalSection(NestedProjects) = preSolution
		{EB0CA143-1635-40DC-8687-EC017FF3E731} = {EF28810C-47EB-4A4C-97EB-AF1F2A1244D5}
		{E5DEA9D2-2C9F-446B-87CF-F08DF1256D4B} = {266475EB-E74D-4F00-B709-9A03E7075884}
		{EB907729-8B4F-4DDD-A494-409965BA3A0D} = {266475EB-E74D-4F00-B709-9A03E7075884}
		{98756835-624D-41D8-BE60-AA50A7CC72A7} = {4C8A0191-47E9-41F2-AFA3-FB51A1F0DB93}
		{2D5A23BB-00AB-4554-8680-89CA8F50F762} = {4C8A0191-47E9-41F2-AFA3-FB51A1F0DB93}
		{EB27517D-7003-4081-8D2A-85F7CB382B41} = {DE8656A4-89EE-4753-BA1D-09B15BC32D4D}
		{D4A24397-F884-4F44-A55D-DA7BC975BD16} = {DE8656A4-89EE-4753-BA1D-09B15BC32D4D}
		{0A300DDC-E605-44C3-9016-460CB49856E4} = {DE8656A4-89EE-4753-BA1D-09B15BC32D4D}
	EndGlobalSection
EndGlobal
