
Microsoft Visual Studio Solution File, Format Version 12.00
# Visual Studio 14
VisualStudioVersion = 14.0.25420.1
MinimumVisualStudioVersion = 10.0.40219.1
Project("{FAE04EC0-301F-11D3-BF4B-00C04F79EFBC}") = "MyApp", "MyApp\MyApp.csproj", "{EB0CA143-1635-40DC-8687-EC017FF3E731}"
EndProject
Project("{2150E333-8FDC-42A3-9474-1A3956D46DE8}") = "01 - Presentation", "01 - Presentation", "{EF28810C-47EB-4A4C-97EB-AF1F2A1244D5}"
EndProject
Project("{2150E333-8FDC-42A3-9474-1A3956D46DE8}") = "02 - Domain", "02 - Domain", "{DE8656A4-89EE-4753-BA1D-09B15BC32D4D}"
EndProject
Project("{2150E333-8FDC-42A3-9474-1A3956D46DE8}") = "03 - Data", "03 - Data", "{4C8A0191-47E9-41F2-AFA3-FB51A1F0DB93}"
EndProject
Project("{2150E333-8FDC-42A3-9474-1A3956D46DE8}") = "04 - Infrastructure", "04 - Infrastructure", "{266475EB-E74D-4F00-B709-9A03E7075884}"
EndProject
Project("{2150E333-8FDC-42A3-9474-1A3956D46DE8}") = "Solution Items", "Solution Items", "{627E39CD-37B8-445A-827C-E45939F871BE}"
	ProjectSection(SolutionItems) = preProject
		README.md = README.md
	EndProjectSection
EndProject
Global
	GlobalSection(SolutionConfigurationPlatforms) = preSolution
		Debug|Any CPU = Debug|Any CPU
		Release|Any CPU = Release|Any CPU
	EndGlobalSection
	GlobalSection(ProjectConfigurationPlatforms) = postSolution
		{EB0CA143-1635-40DC-8687-EC017FF3E731}.Debug|Any CPU.ActiveCfg = Debug|Any CPU
		{EB0CA143-1635-40DC-8687-EC017FF3E731}.Debug|Any CPU.Build.0 = Debug|Any CPU
		{EB0CA143-1635-40DC-8687-EC017FF3E731}.Release|Any CPU.ActiveCfg = Release|Any CPU
		{EB0CA143-1635-40DC-8687-EC017FF3E731}.Release|Any CPU.Build.0 = Release|Any CPU
	EndGlobalSection
	GlobalSection(SolutionProperties) = preSolution
		HideSolutionNode = FALSE
	EndGlobalSection
	GlobalSection(NestedProjects) = preSolution
		{EB0CA143-1635-40DC-8687-EC017FF3E731} = {EF28810C-47EB-4A4C-97EB-AF1F2A1244D5}
	EndGlobalSection
EndGlobal
